
Microsoft Visual Studio Solution File, Format Version 12.00
# Visual Studio Version 17
VisualStudioVersion = 17.13.35931.197 d17.13
MinimumVisualStudioVersion = 10.0.40219.1
Project("{FAE04EC0-301F-11D3-BF4B-00C04F79EFBC}") = "ECOM_ProductMicroService", "ECOM_ProductMicroService.csproj", "{7FDCE7E9-46D0-BC89-9D7F-9F22F5001166}"
EndProject
Global
	GlobalSection(SolutionConfigurationPlatforms) = preSolution
		Debug|Any CPU = Debug|Any CPU
		Release|Any CPU = Release|Any CPU
	EndGlobalSection
	GlobalSection(ProjectConfigurationPlatforms) = postSolution
		{7FDCE7E9-46D0-BC89-9D7F-9F22F5001166}.Debug|Any CPU.ActiveCfg = Debug|Any CPU
		{7FDCE7E9-46D0-BC89-9D7F-9F22F5001166}.Debug|Any CPU.Build.0 = Debug|Any CPU
		{7FDCE7E9-46D0-BC89-9D7F-9F22F5001166}.Release|Any CPU.ActiveCfg = Release|Any CPU
		{7FDCE7E9-46D0-BC89-9D7F-9F22F5001166}.Release|Any CPU.Build.0 = Release|Any CPU
	EndGlobalSection
	GlobalSection(SolutionProperties) = preSolution
		HideSolutionNode = FALSE
	EndGlobalSection
	GlobalSection(ExtensibilityGlobals) = postSolution
		SolutionGuid = {22238FF1-2E35-489F-9298-A87C81F519F3}
	EndGlobalSection
EndGlobal
